
Microsoft Visual Studio Solution File, Format Version 12.00
# Visual Studio 2012
Project("{FAE04EC0-301F-11D3-BF4B-00C04F79EFBC}") = "Website", "Website\Website.csproj", "{C51AB71D-1A54-4ABF-92DF-ED8C96551748}"
EndProject
Project("{FAE04EC0-301F-11D3-BF4B-00C04F79EFBC}") = "RestAPI", "RestAPI\RestAPI.csproj", "{0733646E-8774-4515-BDFF-45E9F1462462}"
EndProject
Global
	GlobalSection(SolutionConfigurationPlatforms) = preSolution
		Debug|Any CPU = Debug|Any CPU
		Release|Any CPU = Release|Any CPU
	EndGlobalSection
	GlobalSection(ProjectConfigurationPlatforms) = postSolution
		{C51AB71D-1A54-4ABF-92DF-ED8C96551748}.Debug|Any CPU.ActiveCfg = Debug|Any CPU
		{C51AB71D-1A54-4ABF-92DF-ED8C96551748}.Debug|Any CPU.Build.0 = Debug|Any CPU
		{C51AB71D-1A54-4ABF-92DF-ED8C96551748}.Release|Any CPU.ActiveCfg = Release|Any CPU
		{C51AB71D-1A54-4ABF-92DF-ED8C96551748}.Release|Any CPU.Build.0 = Release|Any CPU
		{0733646E-8774-4515-BDFF-45E9F1462462}.Debug|Any CPU.ActiveCfg = Debug|Any CPU
		{0733646E-8774-4515-BDFF-45E9F1462462}.Debug|Any CPU.Build.0 = Debug|Any CPU
		{0733646E-8774-4515-BDFF-45E9F1462462}.Release|Any CPU.ActiveCfg = Release|Any CPU
		{0733646E-8774-4515-BDFF-45E9F1462462}.Release|Any CPU.Build.0 = Release|Any CPU
	EndGlobalSection
	GlobalSection(SolutionProperties) = preSolution
		HideSolutionNode = FALSE
	EndGlobalSection
EndGlobal
